
Microsoft Visual Studio Solution File, Format Version 12.00
# Visual Studio Version 16
VisualStudioVersion = 16.0.30611.23
MinimumVisualStudioVersion = 10.0.40219.1
Project("{FAE04EC0-301F-11D3-BF4B-00C04F79EFBC}") = "warzone-deobfuscator", "warzone-deobfuscator\warzone-deobfuscator.csproj", "{5C76AACE-4B3C-4B57-BBC5-9F656421B1F3}"
EndProject
Global
	GlobalSection(SolutionConfigurationPlatforms) = preSolution
		Debug|Any CPU = Debug|Any CPU
		Release|Any CPU = Release|Any CPU
	EndGlobalSection
	GlobalSection(ProjectConfigurationPlatforms) = postSolution
		{5C76AACE-4B3C-4B57-BBC5-9F656421B1F3}.Debug|Any CPU.ActiveCfg = Debug|Any CPU
		{5C76AACE-4B3C-4B57-BBC5-9F656421B1F3}.Debug|Any CPU.Build.0 = Debug|Any CPU
		{5C76AACE-4B3C-4B57-BBC5-9F656421B1F3}.Release|Any CPU.ActiveCfg = Release|Any CPU
		{5C76AACE-4B3C-4B57-BBC5-9F656421B1F3}.Release|Any CPU.Build.0 = Release|Any CPU
	EndGlobalSection
	GlobalSection(SolutionProperties) = preSolution
		HideSolutionNode = FALSE
	EndGlobalSection
	GlobalSection(ExtensibilityGlobals) = postSolution
		SolutionGuid = {1C9A26D9-BB03-4E86-9F30-A93A933F7847}
	EndGlobalSection
EndGlobal
